
Microsoft Visual Studio Solution File, Format Version 12.00
# Visual Studio 15
VisualStudioVersion = 15.0.26124.0
MinimumVisualStudioVersion = 15.0.26124.0
Project("{FAE04EC0-301F-11D3-BF4B-00C04F79EFBC}") = "HttpClientApplication.Client", "HttpClientApplication.Client\HttpClientApplication.Client.csproj", "{A75096C2-2C24-45A6-BCE1-EB6300DC5A9F}"
EndProject
Project("{FAE04EC0-301F-11D3-BF4B-00C04F79EFBC}") = "HttpClientApplication.Host", "HttpClientApplication.Host\HttpClientApplication.Host.csproj", "{DB6C5DA5-0B9E-4624-B616-C8CDAAC5932A}"
EndProject
Global
	GlobalSection(SolutionConfigurationPlatforms) = preSolution
		Debug|Any CPU = Debug|Any CPU
		Debug|x64 = Debug|x64
		Debug|x86 = Debug|x86
		Release|Any CPU = Release|Any CPU
		Release|x64 = Release|x64
		Release|x86 = Release|x86
	EndGlobalSection
	GlobalSection(SolutionProperties) = preSolution
		HideSolutionNode = FALSE
	EndGlobalSection
	GlobalSection(ProjectConfigurationPlatforms) = postSolution
		{A75096C2-2C24-45A6-BCE1-EB6300DC5A9F}.Debug|Any CPU.ActiveCfg = Debug|Any CPU
		{A75096C2-2C24-45A6-BCE1-EB6300DC5A9F}.Debug|Any CPU.Build.0 = Debug|Any CPU
		{A75096C2-2C24-45A6-BCE1-EB6300DC5A9F}.Debug|x64.ActiveCfg = Debug|Any CPU
		{A75096C2-2C24-45A6-BCE1-EB6300DC5A9F}.Debug|x64.Build.0 = Debug|Any CPU
		{A75096C2-2C24-45A6-BCE1-EB6300DC5A9F}.Debug|x86.ActiveCfg = Debug|Any CPU
		{A75096C2-2C24-45A6-BCE1-EB6300DC5A9F}.Debug|x86.Build.0 = Debug|Any CPU
		{A75096C2-2C24-45A6-BCE1-EB6300DC5A9F}.Release|Any CPU.ActiveCfg = Release|Any CPU
		{A75096C2-2C24-45A6-BCE1-EB6300DC5A9F}.Release|Any CPU.Build.0 = Release|Any CPU
		{A75096C2-2C24-45A6-BCE1-EB6300DC5A9F}.Release|x64.ActiveCfg = Release|Any CPU
		{A75096C2-2C24-45A6-BCE1-EB6300DC5A9F}.Release|x64.Build.0 = Release|Any CPU
		{A75096C2-2C24-45A6-BCE1-EB6300DC5A9F}.Release|x86.ActiveCfg = Release|Any CPU
		{A75096C2-2C24-45A6-BCE1-EB6300DC5A9F}.Release|x86.Build.0 = Release|Any CPU
		{DB6C5DA5-0B9E-4624-B616-C8CDAAC5932A}.Debug|Any CPU.ActiveCfg = Debug|Any CPU
		{DB6C5DA5-0B9E-4624-B616-C8CDAAC5932A}.Debug|Any CPU.Build.0 = Debug|Any CPU
		{DB6C5DA5-0B9E-4624-B616-C8CDAAC5932A}.Debug|x64.ActiveCfg = Debug|Any CPU
		{DB6C5DA5-0B9E-4624-B616-C8CDAAC5932A}.Debug|x64.Build.0 = Debug|Any CPU
		{DB6C5DA5-0B9E-4624-B616-C8CDAAC5932A}.Debug|x86.ActiveCfg = Debug|Any CPU
		{DB6C5DA5-0B9E-4624-B616-C8CDAAC5932A}.Debug|x86.Build.0 = Debug|Any CPU
		{DB6C5DA5-0B9E-4624-B616-C8CDAAC5932A}.Release|Any CPU.ActiveCfg = Release|Any CPU
		{DB6C5DA5-0B9E-4624-B616-C8CDAAC5932A}.Release|Any CPU.Build.0 = Release|Any CPU
		{DB6C5DA5-0B9E-4624-B616-C8CDAAC5932A}.Release|x64.ActiveCfg = Release|Any CPU
		{DB6C5DA5-0B9E-4624-B616-C8CDAAC5932A}.Release|x64.Build.0 = Release|Any CPU
		{DB6C5DA5-0B9E-4624-B616-C8CDAAC5932A}.Release|x86.ActiveCfg = Release|Any CPU
		{DB6C5DA5-0B9E-4624-B616-C8CDAAC5932A}.Release|x86.Build.0 = Release|Any CPU
	EndGlobalSection
EndGlobal
